
Microsoft Visual Studio Solution File, Format Version 12.00
# Visual Studio 15
VisualStudioVersion = 15.0.28307.421
MinimumVisualStudioVersion = 10.0.40219.1
Project("{FAE04EC0-301F-11D3-BF4B-00C04F79EFBC}") = "Multas", "Multas\Multas.csproj", "{8CE95705-B040-4B01-B95D-AED2A443A02D}"
EndProject
Global
	GlobalSection(SolutionConfigurationPlatforms) = preSolution
		Debug|Any CPU = Debug|Any CPU
		Release|Any CPU = Release|Any CPU
	EndGlobalSection
	GlobalSection(ProjectConfigurationPlatforms) = postSolution
		{8CE95705-B040-4B01-B95D-AED2A443A02D}.Debug|Any CPU.ActiveCfg = Debug|Any CPU
		{8CE95705-B040-4B01-B95D-AED2A443A02D}.Debug|Any CPU.Build.0 = Debug|Any CPU
		{8CE95705-B040-4B01-B95D-AED2A443A02D}.Release|Any CPU.ActiveCfg = Release|Any CPU
		{8CE95705-B040-4B01-B95D-AED2A443A02D}.Release|Any CPU.Build.0 = Release|Any CPU
	EndGlobalSection
	GlobalSection(SolutionProperties) = preSolution
		HideSolutionNode = FALSE
	EndGlobalSection
	GlobalSection(ExtensibilityGlobals) = postSolution
		SolutionGuid = {A75149B1-E206-4F76-996F-F1728B8AE289}
	EndGlobalSection
EndGlobal
